
Microsoft Visual Studio Solution File, Format Version 12.00
# Visual Studio Version 16
VisualStudioVersion = 16.0.31005.135
MinimumVisualStudioVersion = 10.0.40219.1
Project("{FAE04EC0-301F-11D3-BF4B-00C04F79EFBC}") = "BloggingSystem", "BloggingSystem.csproj", "{5D4775F2-F65F-4DD4-8994-F636F28DD722}"
EndProject
Global
	GlobalSection(SolutionConfigurationPlatforms) = preSolution
		Debug|Any CPU = Debug|Any CPU
		Release|Any CPU = Release|Any CPU
	EndGlobalSection
	GlobalSection(ProjectConfigurationPlatforms) = postSolution
		{5D4775F2-F65F-4DD4-8994-F636F28DD722}.Debug|Any CPU.ActiveCfg = Debug|Any CPU
		{5D4775F2-F65F-4DD4-8994-F636F28DD722}.Debug|Any CPU.Build.0 = Debug|Any CPU
		{5D4775F2-F65F-4DD4-8994-F636F28DD722}.Release|Any CPU.ActiveCfg = Release|Any CPU
		{5D4775F2-F65F-4DD4-8994-F636F28DD722}.Release|Any CPU.Build.0 = Release|Any CPU
	EndGlobalSection
	GlobalSection(SolutionProperties) = preSolution
		HideSolutionNode = FALSE
	EndGlobalSection
	GlobalSection(ExtensibilityGlobals) = postSolution
		SolutionGuid = {B7BC6C50-C697-4D4D-9097-E74F249E4848}
	EndGlobalSection
EndGlobal
